// !$*UTF8*$!
{
	archiveVersion = 1;
	classes = {
	};
	objectVersion = 46;
	objects = {

/* Begin PBXBuildFile section */
		3A2CB9011E5F59DF006D61A9 /* CRCCCITT.swift in Sources */ = {isa = PBXBuildFile; fileRef = 3A2CB9001E5F59DF006D61A9 /* CRCCCITT.swift */; };
		3A2CB9031E5F5E67006D61A9 /* SCCPHelper.swift in Sources */ = {isa = PBXBuildFile; fileRef = 3A2CB9021E5F5E67006D61A9 /* SCCPHelper.swift */; };
		3A2CB9051E5FF59C006D61A9 /* SCCPEnumerations.swift in Sources */ = {isa = PBXBuildFile; fileRef = 3A2CB9041E5FF59C006D61A9 /* SCCPEnumerations.swift */; };
		3A2CB9071E60409E006D61A9 /* BLEHelper.swift in Sources */ = {isa = PBXBuildFile; fileRef = 3A2CB9061E60409E006D61A9 /* BLEHelper.swift */; };
		3A36F1F31E56DC9D008899E8 /* AppDelegate.swift in Sources */ = {isa = PBXBuildFile; fileRef = 3A36F1F21E56DC9D008899E8 /* AppDelegate.swift */; };
		3A36F1F51E56DC9D008899E8 /* ViewController.swift in Sources */ = {isa = PBXBuildFile; fileRef = 3A36F1F41E56DC9D008899E8 /* ViewController.swift */; };
		3A36F1F81E56DC9D008899E8 /* Main.storyboard in Resources */ = {isa = PBXBuildFile; fileRef = 3A36F1F61E56DC9D008899E8 /* Main.storyboard */; };
		3A36F1FA1E56DC9D008899E8 /* Assets.xcassets in Resources */ = {isa = PBXBuildFile; fileRef = 3A36F1F91E56DC9D008899E8 /* Assets.xcassets */; };
		3A36F1FD1E56DC9D008899E8 /* LaunchScreen.storyboard in Resources */ = {isa = PBXBuildFile; fileRef = 3A36F1FB1E56DC9D008899E8 /* LaunchScreen.storyboard */; };
		3AACC4321E67CC1700D64AFC /* www in Resources */ = {isa = PBXBuildFile; fileRef = 3AACC4311E67CC1700D64AFC /* www */; };
		3AF2FBEB1E691CA3003AC94A /* Utilities.swift in Sources */ = {isa = PBXBuildFile; fileRef = 3AF2FBEA1E691CA3003AC94A /* Utilities.swift */; };
/* End PBXBuildFile section */

/* Begin PBXFileReference section */
		3A2CB9001E5F59DF006D61A9 /* CRCCCITT.swift */ = {isa = PBXFileReference; fileEncoding = 4; lastKnownFileType = sourcecode.swift; path = CRCCCITT.swift; sourceTree = "<group>"; };
		3A2CB9021E5F5E67006D61A9 /* SCCPHelper.swift */ = {isa = PBXFileReference; fileEncoding = 4; lastKnownFileType = sourcecode.swift; path = SCCPHelper.swift; sourceTree = "<group>"; };
		3A2CB9041E5FF59C006D61A9 /* SCCPEnumerations.swift */ = {isa = PBXFileReference; fileEncoding = 4; lastKnownFileType = sourcecode.swift; path = SCCPEnumerations.swift; sourceTree = "<group>"; };
		3A2CB9061E60409E006D61A9 /* BLEHelper.swift */ = {isa = PBXFileReference; fileEncoding = 4; lastKnownFileType = sourcecode.swift; path = BLEHelper.swift; sourceTree = "<group>"; };
		3A36F1EF1E56DC9D008899E8 /* blescanner.app */ = {isa = PBXFileReference; explicitFileType = wrapper.application; includeInIndex = 0; path = blescanner.app; sourceTree = BUILT_PRODUCTS_DIR; };
		3A36F1F21E56DC9D008899E8 /* AppDelegate.swift */ = {isa = PBXFileReference; lastKnownFileType = sourcecode.swift; path = AppDelegate.swift; sourceTree = "<group>"; };
		3A36F1F41E56DC9D008899E8 /* ViewController.swift */ = {isa = PBXFileReference; lastKnownFileType = sourcecode.swift; path = ViewController.swift; sourceTree = "<group>"; };
		3A36F1F71E56DC9D008899E8 /* Base */ = {isa = PBXFileReference; lastKnownFileType = file.storyboard; name = Base; path = Base.lproj/Main.storyboard; sourceTree = "<group>"; };
		3A36F1F91E56DC9D008899E8 /* Assets.xcassets */ = {isa = PBXFileReference; lastKnownFileType = folder.assetcatalog; path = Assets.xcassets; sourceTree = "<group>"; };
		3A36F1FC1E56DC9D008899E8 /* Base */ = {isa = PBXFileReference; lastKnownFileType = file.storyboard; name = Base; path = Base.lproj/LaunchScreen.storyboard; sourceTree = "<group>"; };
		3A36F1FE1E56DC9D008899E8 /* Info.plist */ = {isa = PBXFileReference; lastKnownFileType = text.plist.xml; path = Info.plist; sourceTree = "<group>"; };
		3AACC4311E67CC1700D64AFC /* www */ = {isa = PBXFileReference; lastKnownFileType = folder; path = www; sourceTree = "<group>"; };
		3AF2FBEA1E691CA3003AC94A /* Utilities.swift */ = {isa = PBXFileReference; fileEncoding = 4; lastKnownFileType = sourcecode.swift; path = Utilities.swift; sourceTree = "<group>"; };
/* End PBXFileReference section */

/* Begin PBXFrameworksBuildPhase section */
		3A36F1EC1E56DC9C008899E8 /* Frameworks */ = {
			isa = PBXFrameworksBuildPhase;
			buildActionMask = 2147483647;
			files = (
			);
			runOnlyForDeploymentPostprocessing = 0;
		};
/* End PBXFrameworksBuildPhase section */

/* Begin PBXGroup section */
		3A36F1E61E56DC9C008899E8 = {
			isa = PBXGroup;
			children = (
				3AACC4311E67CC1700D64AFC /* www */,
				3A36F1F11E56DC9D008899E8 /* blescanner */,
				3A36F1F01E56DC9D008899E8 /* Products */,
			);
			sourceTree = "<group>";
		};
		3A36F1F01E56DC9D008899E8 /* Products */ = {
			isa = PBXGroup;
			children = (
				3A36F1EF1E56DC9D008899E8 /* blescanner.app */,
			);
			name = Products;
			sourceTree = "<group>";
		};
		3A36F1F11E56DC9D008899E8 /* blescanner */ = {
			isa = PBXGroup;
			children = (
				3AF2FBEA1E691CA3003AC94A /* Utilities.swift */,
				3A2CB9001E5F59DF006D61A9 /* CRCCCITT.swift */,
				3A36F1F21E56DC9D008899E8 /* AppDelegate.swift */,
				3A36F1F41E56DC9D008899E8 /* ViewController.swift */,
				3A36F1F61E56DC9D008899E8 /* Main.storyboard */,
				3A36F1F91E56DC9D008899E8 /* Assets.xcassets */,
				3A36F1FB1E56DC9D008899E8 /* LaunchScreen.storyboard */,
				3A36F1FE1E56DC9D008899E8 /* Info.plist */,
				3A2CB9021E5F5E67006D61A9 /* SCCPHelper.swift */,
				3A2CB9041E5FF59C006D61A9 /* SCCPEnumerations.swift */,
				3A2CB9061E60409E006D61A9 /* BLEHelper.swift */,
			);
			path = blescanner;
			sourceTree = "<group>";
		};
/* End PBXGroup section */

/* Begin PBXNativeTarget section */
		3A36F1EE1E56DC9C008899E8 /* blescanner */ = {
			isa = PBXNativeTarget;
			buildConfigurationList = 3A36F2011E56DC9D008899E8 /* Build configuration list for PBXNativeTarget "blescanner" */;
			buildPhases = (
				3A36F1EB1E56DC9C008899E8 /* Sources */,
				3A36F1EC1E56DC9C008899E8 /* Frameworks */,
				3A36F1ED1E56DC9C008899E8 /* Resources */,
			);
			buildRules = (
			);
			dependencies = (
			);
			name = blescanner;
			productName = blescanner;
			productReference = 3A36F1EF1E56DC9D008899E8 /* blescanner.app */;
			productType = "com.apple.product-type.application";
		};
/* End PBXNativeTarget section */

/* Begin PBXProject section */
		3A36F1E71E56DC9C008899E8 /* Project object */ = {
			isa = PBXProject;
			attributes = {
				LastSwiftUpdateCheck = 0820;
				LastUpgradeCheck = 0820;
				ORGANIZATIONNAME = ABB;
				TargetAttributes = {
					3A36F1EE1E56DC9C008899E8 = {
						CreatedOnToolsVersion = 8.2.1;
						DevelopmentTeam = JAWB2S5NHB;
						ProvisioningStyle = Automatic;
					};
				};
			};
			buildConfigurationList = 3A36F1EA1E56DC9C008899E8 /* Build configuration list for PBXProject "blescanner" */;
			compatibilityVersion = "Xcode 3.2";
			developmentRegion = English;
			hasScannedForEncodings = 0;
			knownRegions = (
				en,
				Base,
			);
			mainGroup = 3A36F1E61E56DC9C008899E8;
			productRefGroup = 3A36F1F01E56DC9D008899E8 /* Products */;
			projectDirPath = "";
			projectRoot = "";
			targets = (
				3A36F1EE1E56DC9C008899E8 /* blescanner */,
			);
		};
/* End PBXProject section */

/* Begin PBXResourcesBuildPhase section */
		3A36F1ED1E56DC9C008899E8 /* Resources */ = {
			isa = PBXResourcesBuildPhase;
			buildActionMask = 2147483647;
			files = (
				3AACC4321E67CC1700D64AFC /* www in Resources */,
				3A36F1FD1E56DC9D008899E8 /* LaunchScreen.storyboard in Resources */,
				3A36F1FA1E56DC9D008899E8 /* Assets.xcassets in Resources */,
				3A36F1F81E56DC9D008899E8 /* Main.storyboard in Resources */,
			);
			runOnlyForDeploymentPostprocessing = 0;
		};
/* End PBXResourcesBuildPhase section */

/* Begin PBXSourcesBuildPhase section */
		3A36F1EB1E56DC9C008899E8 /* Sources */ = {
			isa = PBXSourcesBuildPhase;
			buildActionMask = 2147483647;
			files = (
				3A2CB9051E5FF59C006D61A9 /* SCCPEnumerations.swift in Sources */,
				3A2CB9031E5F5E67006D61A9 /* SCCPHelper.swift in Sources */,
				3AF2FBEB1E691CA3003AC94A /* Utilities.swift in Sources */,
				3A36F1F51E56DC9D008899E8 /* ViewController.swift in Sources */,
				3A2CB9071E60409E006D61A9 /* BLEHelper.swift in Sources */,
				3A36F1F31E56DC9D008899E8 /* AppDelegate.swift in Sources */,
				3A2CB9011E5F59DF006D61A9 /* CRCCCITT.swift in Sources */,
			);
			runOnlyForDeploymentPostprocessing = 0;
		};
/* End PBXSourcesBuildPhase section */

/* Begin PBXVariantGroup section */
		3A36F1F61E56DC9D008899E8 /* Main.storyboard */ = {
			isa = PBXVariantGroup;
			children = (
				3A36F1F71E56DC9D008899E8 /* Base */,
			);
			name = Main.storyboard;
			sourceTree = "<group>";
		};
		3A36F1FB1E56DC9D008899E8 /* LaunchScreen.storyboard */ = {
			isa = PBXVariantGroup;
			children = (
				3A36F1FC1E56DC9D008899E8 /* Base */,
			);
			name = LaunchScreen.storyboard;
			sourceTree = "<group>";
		};
/* End PBXVariantGroup section */

/* Begin XCBuildConfiguration section */
		3A36F1FF1E56DC9D008899E8 /* Debug */ = {
			isa = XCBuildConfiguration;
			buildSettings = {
				ALWAYS_SEARCH_USER_PATHS = NO;
				CLANG_ANALYZER_NONNULL = YES;
				CLANG_CXX_LANGUAGE_STANDARD = "gnu++0x";
				CLANG_CXX_LIBRARY = "libc++";
				CLANG_ENABLE_MODULES = YES;
				CLANG_ENABLE_OBJC_ARC = YES;
				CLANG_WARN_BOOL_CONVERSION = YES;
				CLANG_WARN_CONSTANT_CONVERSION = YES;
				CLANG_WARN_DIRECT_OBJC_ISA_USAGE = YES_ERROR;
				CLANG_WARN_DOCUMENTATION_COMMENTS = YES;
				CLANG_WARN_EMPTY_BODY = YES;
				CLANG_WARN_ENUM_CONVERSION = YES;
				CLANG_WARN_INFINITE_RECURSION = YES;
				CLANG_WARN_INT_CONVERSION = YES;
				CLANG_WARN_OBJC_ROOT_CLASS = YES_ERROR;
				CLANG_WARN_SUSPICIOUS_MOVE = YES;
				CLANG_WARN_UNREACHABLE_CODE = YES;
				CLANG_WARN__DUPLICATE_METHOD_MATCH = YES;
				"CODE_SIGN_IDENTITY[sdk=iphoneos*]" = "iPhone Developer";
				COPY_PHASE_STRIP = NO;
				DEBUG_INFORMATION_FORMAT = dwarf;
				ENABLE_STRICT_OBJC_MSGSEND = YES;
				ENABLE_TESTABILITY = YES;
				GCC_C_LANGUAGE_STANDARD = gnu99;
				GCC_DYNAMIC_NO_PIC = NO;
				GCC_NO_COMMON_BLOCKS = YES;
				GCC_OPTIMIZATION_LEVEL = 0;
				GCC_PREPROCESSOR_DEFINITIONS = (
					"DEBUG=1",
					"$(inherited)",
				);
				GCC_WARN_64_TO_32_BIT_CONVERSION = YES;
				GCC_WARN_ABOUT_RETURN_TYPE = YES_ERROR;
				GCC_WARN_UNDECLARED_SELECTOR = YES;
				GCC_WARN_UNINITIALIZED_AUTOS = YES_AGGRESSIVE;
				GCC_WARN_UNUSED_FUNCTION = YES;
				GCC_WARN_UNUSED_VARIABLE = YES;
				IPHONEOS_DEPLOYMENT_TARGET = 10.2;
				MTL_ENABLE_DEBUG_INFO = YES;
				ONLY_ACTIVE_ARCH = YES;
				SDKROOT = iphoneos;
				SWIFT_ACTIVE_COMPILATION_CONDITIONS = DEBUG;
				SWIFT_OPTIMIZATION_LEVEL = "-Onone";
				TARGETED_DEVICE_FAMILY = "1,2";
			};
			name = Debug;
		};
		3A36F2001E56DC9D008899E8 /* Release */ = {
			isa = XCBuildConfiguration;
			buildSettings = {
				ALWAYS_SEARCH_USER_PATHS = NO;
				CLANG_ANALYZER_NONNULL = YES;
				CLANG_CXX_LANGUAGE_STANDARD = "gnu++0x";
				CLANG_CXX_LIBRARY = "libc++";
				CLANG_ENABLE_MODULES = YES;
				CLANG_ENABLE_OBJC_ARC = YES;
				CLANG_WARN_BOOL_CONVERSION = YES;
				CLANG_WARN_CONSTANT_CONVERSION = YES;
				CLANG_WARN_DIRECT_OBJC_ISA_USAGE = YES_ERROR;
				CLANG_WARN_DOCUMENTATION_COMMENTS = YES;
				CLANG_WARN_EMPTY_BODY = YES;
				CLANG_WARN_ENUM_CONVERSION = YES;
				CLANG_WARN_INFINITE_RECURSION = YES;
				CLANG_WARN_INT_CONVERSION = YES;
				CLANG_WARN_OBJC_ROOT_CLASS = YES_ERROR;
				CLANG_WARN_SUSPICIOUS_MOVE = YES;
				CLANG_WARN_UNREACHABLE_CODE = YES;
				CLANG_WARN__DUPLICATE_METHOD_MATCH = YES;
				"CODE_SIGN_IDENTITY[sdk=iphoneos*]" = "iPhone Developer";
				COPY_PHASE_STRIP = NO;
				DEBUG_INFORMATION_FORMAT = "dwarf-with-dsym";
				ENABLE_NS_ASSERTIONS = NO;
				ENABLE_STRICT_OBJC_MSGSEND = YES;
				GCC_C_LANGUAGE_STANDARD = gnu99;
				GCC_NO_COMMON_BLOCKS = YES;
				GCC_WARN_64_TO_32_BIT_CONVERSION = YES;
				GCC_WARN_ABOUT_RETURN_TYPE = YES_ERROR;
				GCC_WARN_UNDECLARED_SELECTOR = YES;
				GCC_WARN_UNINITIALIZED_AUTOS = YES_AGGRESSIVE;
				GCC_WARN_UNUSED_FUNCTION = YES;
				GCC_WARN_UNUSED_VARIABLE = YES;
				IPHONEOS_DEPLOYMENT_TARGET = 10.2;
				MTL_ENABLE_DEBUG_INFO = NO;
				SDKROOT = iphoneos;
				SWIFT_OPTIMIZATION_LEVEL = "-Owholemodule";
				TARGETED_DEVICE_FAMILY = "1,2";
				VALIDATE_PRODUCT = YES;
			};
			name = Release;
		};
		3A36F2021E56DC9D008899E8 /* Debug */ = {
			isa = XCBuildConfiguration;
			buildSettings = {
				ALWAYS_EMBED_SWIFT_STANDARD_LIBRARIES = YES;
				ASSETCATALOG_COMPILER_APPICON_NAME = AppIcon;
				"CODE_SIGN_IDENTITY[sdk=iphoneos*]" = "iPhone Developer";
				DEVELOPMENT_TEAM = JAWB2S5NHB;
				INFOPLIST_FILE = blescanner/Info.plist;
				LD_RUNPATH_SEARCH_PATHS = "$(inherited) @executable_path/Frameworks";
				PRODUCT_BUNDLE_IDENTIFIER = com.abb.bjeios;
				PRODUCT_NAME = "$(TARGET_NAME)";
				SWIFT_VERSION = 3.0;
			};
			name = Debug;
		};
		3A36F2031E56DC9D008899E8 /* Release */ = {
			isa = XCBuildConfiguration;
			buildSettings = {
				ALWAYS_EMBED_SWIFT_STANDARD_LIBRARIES = YES;
				ASSETCATALOG_COMPILER_APPICON_NAME = AppIcon;
				"CODE_SIGN_IDENTITY[sdk=iphoneos*]" = "iPhone Developer";
				DEVELOPMENT_TEAM = JAWB2S5NHB;
				INFOPLIST_FILE = blescanner/Info.plist;
				LD_RUNPATH_SEARCH_PATHS = "$(inherited) @executable_path/Frameworks";
				PRODUCT_BUNDLE_IDENTIFIER = com.abb.bjeios;
				PRODUCT_NAME = "$(TARGET_NAME)";
				SWIFT_VERSION = 3.0;
			};
			name = Release;
		};
/* End XCBuildConfiguration section */

/* Begin XCConfigurationList section */
		3A36F1EA1E56DC9C008899E8 /* Build configuration list for PBXProject "blescanner" */ = {
			isa = XCConfigurationList;
			buildConfigurations = (
				3A36F1FF1E56DC9D008899E8 /* Debug */,
				3A36F2001E56DC9D008899E8 /* Release */,
			);
			defaultConfigurationIsVisible = 0;
			defaultConfigurationName = Release;
		};
		3A36F2011E56DC9D008899E8 /* Build configuration list for PBXNativeTarget "blescanner" */ = {
			isa = XCConfigurationList;
			buildConfigurations = (
				3A36F2021E56DC9D008899E8 /* Debug */,
				3A36F2031E56DC9D008899E8 /* Release */,
			);
			defaultConfigurationIsVisible = 0;
			defaultConfigurationName = Release;
		};
/* End XCConfigurationList section */
	};
	rootObject = 3A36F1E71E56DC9C008899E8 /* Project object */;
}
